<?xml version="1.0" encoding="utf-8"?>
<Project ToolsVersion="4.0" xmlns="http://schemas.microsoft.com/developer/msbuild/2003">
  <ItemGroup>
    <Filter Include="Source Files">
      <UniqueIdentifier>{4FC737F1-C7A5-4376-A066-2A32D752A2FF}</UniqueIdentifier>
      <Extensions>cpp;c;cc;cxx;c++;cppm;ixx;def;odl;idl;hpj;bat;asm;asmx</Extensions>
    </Filter>
    <Filter Include="Header Files">
      <UniqueIdentifier>{93995380-89BD-4b04-88EB-625FBE52EBFB}</UniqueIdentifier>
      <Extensions>h;hh;hpp;hxx;h++;hm;inl;inc;ipp;xsd</Extensions>
    </Filter>
    <Filter Include="Resource Files">
      <UniqueIdentifier>{67DA6AB6-F800-4c08-8B7A-83BB121AAD01}</UniqueIdentifier>
      <Extensions>rc;ico;cur;bmp;dlg;rc2;rct;bin;rgs;gif;jpg;jpeg;jpe;resx;tiff;tif;png;wav;mfcribbon-ms</Extensions>
    </Filter>
    <Filter Include="3rdParty">
      <UniqueIdentifier>{7114fa71-e97a-493e-bf5b-ff4389e38adf}</UniqueIdentifier>
    </Filter>
    <Filter Include="3rdParty\nlohmann">
      <UniqueIdentifier>{cdc4b5f8-cd02-4ecc-97a7-951f6288adbb}</UniqueIdentifier>
    </Filter>
    <Filter Include="3rdParty\DXLib">
      <UniqueIdentifier>{1a0deb33-63d8-450b-94b1-5a5d40c13f28}</UniqueIdentifier>
    </Filter>
    <Filter Include="Header Files\WolfRPG">
      <UniqueIdentifier>{8b4c3dfb-ee3d-4817-b993-c52124bbc8fc}</UniqueIdentifier>
    </Filter>
    <Filter Include="Header Files\WolfX">
      <UniqueIdentifier>{059cbfaa-5bcd-424a-a836-e1eb64c518a0}</UniqueIdentifier>
    </Filter>
    <Filter Include="Header Files\WolfX\detail">
      <UniqueIdentifier>{3aa75ddd-9b11-489a-bd3b-069d2c98d65e}</UniqueIdentifier>
    </Filter>
    <Filter Include="3rdParty\lz4">
      <UniqueIdentifier>{d9024af3-9c22-4b85-b9ea-098969a92b6c}</UniqueIdentifier>
    </Filter>
  </ItemGroup>
  <ItemGroup>
    <ClCompile Include="UberWolfLib.cpp">
      <Filter>Source Files</Filter>
    </ClCompile>
    <ClCompile Include="WolfDec.cpp">
      <Filter>Source Files</Filter>
    </ClCompile>
    <ClCompile Include="WolfPro.cpp">
      <Filter>Source Files</Filter>
    </ClCompile>
    <ClCompile Include="..\3rdParty\DXLib\CharCode.cpp">
      <Filter>3rdParty\DXLib</Filter>
    </ClCompile>
    <ClCompile Include="..\3rdParty\DXLib\CharCodeTable.cpp">
      <Filter>3rdParty\DXLib</Filter>
    </ClCompile>
    <ClCompile Include="..\3rdParty\DXLib\DXArchive.cpp">
      <Filter>3rdParty\DXLib</Filter>
    </ClCompile>
    <ClCompile Include="..\3rdParty\DXLib\DXArchiveVer5.cpp">
      <Filter>3rdParty\DXLib</Filter>
    </ClCompile>
    <ClCompile Include="..\3rdParty\DXLib\DXArchiveVer6.cpp">
      <Filter>3rdParty\DXLib</Filter>
    </ClCompile>
    <ClCompile Include="..\3rdParty\DXLib\FileLib.cpp">
      <Filter>3rdParty\DXLib</Filter>
    </ClCompile>
    <ClCompile Include="..\3rdParty\DXLib\Huffman.cpp">
      <Filter>3rdParty\DXLib</Filter>
    </ClCompile>
    <ClCompile Include="UberLog.cpp">
      <Filter>Source Files</Filter>
    </ClCompile>
    <ClCompile Include="WolfUtils.cpp">
      <Filter>Source Files</Filter>
    </ClCompile>
    <ClCompile Include="Localizer.cpp">
      <Filter>Source Files</Filter>
    </ClCompile>
    <ClCompile Include="..\3rdParty\lz4\lz4.c">
      <Filter>3rdParty\lz4</Filter>
    </ClCompile>
    <ClCompile Include="WolfXWrapper.cpp">
      <Filter>Source Files</Filter>
    </ClCompile>
  </ItemGroup>
  <ItemGroup>
    <ClInclude Include="Utils.h">
      <Filter>Header Files</Filter>
    </ClInclude>
    <ClInclude Include="WolfDec.h">
      <Filter>Header Files</Filter>
    </ClInclude>
    <ClInclude Include="WolfPro.h">
      <Filter>Header Files</Filter>
    </ClInclude>
    <ClInclude Include="..\3rdParty\nlohmann\json.hpp">
      <Filter>3rdParty\nlohmann</Filter>
    </ClInclude>
    <ClInclude Include="..\3rdParty\DXLib\CharCode.h">
      <Filter>3rdParty\DXLib</Filter>
    </ClInclude>
    <ClInclude Include="..\3rdParty\DXLib\DataType.h">
      <Filter>3rdParty\DXLib</Filter>
    </ClInclude>
    <ClInclude Include="..\3rdParty\DXLib\DXArchive.h">
      <Filter>3rdParty\DXLib</Filter>
    </ClInclude>
    <ClInclude Include="..\3rdParty\DXLib\DXArchiveVer5.h">
      <Filter>3rdParty\DXLib</Filter>
    </ClInclude>
    <ClInclude Include="..\3rdParty\DXLib\DXArchiveVer6.h">
      <Filter>3rdParty\DXLib</Filter>
    </ClInclude>
    <ClInclude Include="..\3rdParty\DXLib\FileLib.h">
      <Filter>3rdParty\DXLib</Filter>
    </ClInclude>
    <ClInclude Include="..\3rdParty\DXLib\Huffman.h">
      <Filter>3rdParty\DXLib</Filter>
    </ClInclude>
    <ClInclude Include="UberWolfLib.h">
      <Filter>Header Files</Filter>
    </ClInclude>
    <ClInclude Include="Types.h">
      <Filter>Header Files</Filter>
    </ClInclude>
    <ClInclude Include="Defines.h">
      <Filter>Header Files</Filter>
    </ClInclude>
    <ClInclude Include="UberLog.h">
      <Filter>Header Files</Filter>
    </ClInclude>
    <ClInclude Include="resource.h">
      <Filter>Header Files</Filter>
    </ClInclude>
    <ClInclude Include="WolfUtils.h">
      <Filter>Header Files</Filter>
    </ClInclude>
    <ClInclude Include="Localizer.h">
      <Filter>Header Files</Filter>
    </ClInclude>
    <ClInclude Include="..\3rdParty\DXLib\WolfNew.h">
      <Filter>3rdParty\DXLib</Filter>
    </ClInclude>
    <ClInclude Include="WolfX\Benchmark.hpp">
      <Filter>Header Files\WolfX</Filter>
    </ClInclude>
    <ClInclude Include="WolfX\Crack.hpp">
      <Filter>Header Files\WolfX</Filter>
    </ClInclude>
    <ClInclude Include="WolfX\DataManip.hpp">
      <Filter>Header Files\WolfX</Filter>
    </ClInclude>
    <ClInclude Include="WolfX\SimdFeatures.hpp">
      <Filter>Header Files\WolfX</Filter>
    </ClInclude>
    <ClInclude Include="WolfX\Types.hpp">
      <Filter>Header Files\WolfX</Filter>
    </ClInclude>
    <ClInclude Include="WolfX\Utils.hpp">
      <Filter>Header Files\WolfX</Filter>
    </ClInclude>
    <ClInclude Include="WolfX\Validate.hpp">
      <Filter>Header Files\WolfX</Filter>
    </ClInclude>
    <ClInclude Include="WolfX\WolfX.hpp">
      <Filter>Header Files\WolfX</Filter>
    </ClInclude>
    <ClInclude Include="WolfX\detail\BenchmarkDetail.hpp">
      <Filter>Header Files\WolfX\detail</Filter>
    </ClInclude>
    <ClInclude Include="WolfX\detail\CrackDetail.hpp">
      <Filter>Header Files\WolfX\detail</Filter>
    </ClInclude>
    <ClInclude Include="WolfX\detail\DataManipDetail.hpp">
      <Filter>Header Files\WolfX\detail</Filter>
    </ClInclude>
    <ClInclude Include="WolfX\detail\GeneratorDetail.hpp">
      <Filter>Header Files\WolfX\detail</Filter>
    </ClInclude>
    <ClInclude Include="WolfX\detail\UtilsDetail.hpp">
      <Filter>Header Files\WolfX\detail</Filter>
    </ClInclude>
    <ClInclude Include="WolfX\detail\ValidateDetail.hpp">
      <Filter>Header Files\WolfX\detail</Filter>
    </ClInclude>
    <ClInclude Include="WolfRPG\Command.h">
      <Filter>Header Files\WolfRPG</Filter>
    </ClInclude>
    <ClInclude Include="WolfRPG\CommonEvents.h">
      <Filter>Header Files\WolfRPG</Filter>
    </ClInclude>
    <ClInclude Include="WolfRPG\Database.h">
      <Filter>Header Files\WolfRPG</Filter>
    </ClInclude>
    <ClInclude Include="WolfRPG\FileAccess.h">
      <Filter>Header Files\WolfRPG</Filter>
    </ClInclude>
    <ClInclude Include="WolfRPG\FileCoder.h">
      <Filter>Header Files\WolfRPG</Filter>
    </ClInclude>
    <ClInclude Include="WolfRPG\GameDat.h">
      <Filter>Header Files\WolfRPG</Filter>
    </ClInclude>
    <ClInclude Include="WolfRPG\Map.h">
      <Filter>Header Files\WolfRPG</Filter>
    </ClInclude>
    <ClInclude Include="WolfRPG\RouteCommand.h">
      <Filter>Header Files\WolfRPG</Filter>
    </ClInclude>
    <ClInclude Include="WolfRPG\Types.h">
      <Filter>Header Files\WolfRPG</Filter>
    </ClInclude>
    <ClInclude Include="WolfRPG\WolfDataBase.h">
      <Filter>Header Files\WolfRPG</Filter>
    </ClInclude>
    <ClInclude Include="WolfRPG\WolfRPG.h">
      <Filter>Header Files\WolfRPG</Filter>
    </ClInclude>
    <ClInclude Include="WolfRPG\WolfRPGException.h">
      <Filter>Header Files\WolfRPG</Filter>
    </ClInclude>
    <ClInclude Include="WolfRPG\WolfRPGUtils.h">
      <Filter>Header Files\WolfRPG</Filter>
    </ClInclude>
    <ClInclude Include="Wolf35Unprotect.hpp">
      <Filter>Header Files</Filter>
    </ClInclude>
    <ClInclude Include="WolfSha512.hpp">
      <Filter>Header Files</Filter>
    </ClInclude>
    <ClInclude Include="..\3rdParty\lz4\lz4.h">
      <Filter>3rdParty\lz4</Filter>
    </ClInclude>
    <ClInclude Include="WolfXWrapper.h">
      <Filter>Header Files</Filter>
    </ClInclude>
  </ItemGroup>
  <ItemGroup>
    <ResourceCompile Include="UberWolfLib.rc">
      <Filter>Resource Files</Filter>
    </ResourceCompile>
  </ItemGroup>
</Project>