<?xml version="1.0" encoding="utf-8"?>
<Project ToolsVersion="4.0" xmlns="http://schemas.microsoft.com/developer/msbuild/2003">
  <ItemGroup>
    <Filter Include="Source Files">
      <UniqueIdentifier>{4FC737F1-C7A5-4376-A066-2A32D752A2FF}</UniqueIdentifier>
      <Extensions>cpp;c;cc;cxx;c++;cppm;ixx;def;odl;idl;hpj;bat;asm;asmx</Extensions>
    </Filter>
    <Filter Include="Header Files">
      <UniqueIdentifier>{93995380-89BD-4b04-88EB-625FBE52EBFB}</UniqueIdentifier>
      <Extensions>h;hh;hpp;hxx;h++;hm;inl;inc;ipp;xsd</Extensions>
    </Filter>
    <Filter Include="Resource Files">
      <UniqueIdentifier>{67DA6AB6-F800-4c08-8B7A-83BB121AAD01}</UniqueIdentifier>
      <Extensions>rc;ico;cur;bmp;dlg;rc2;rct;bin;rgs;gif;jpg;jpeg;jpe;resx;tiff;tif;png;wav;mfcribbon-ms</Extensions>
    </Filter>
    <Filter Include="3rdParty">
      <UniqueIdentifier>{7114fa71-e97a-493e-bf5b-ff4389e38adf}</UniqueIdentifier>
    </Filter>
    <Filter Include="3rdParty\nlohmann">
      <UniqueIdentifier>{cdc4b5f8-cd02-4ecc-97a7-951f6288adbb}</UniqueIdentifier>
    </Filter>
    <Filter Include="3rdParty\DXLib">
      <UniqueIdentifier>{1a0deb33-63d8-450b-94b1-5a5d40c13f28}</UniqueIdentifier>
    </Filter>
  </ItemGroup>
  <ItemGroup>
    <ClCompile Include="UberWolfLib.cpp">
      <Filter>Source Files</Filter>
    </ClCompile>
    <ClCompile Include="WolfDec.cpp">
      <Filter>Source Files</Filter>
    </ClCompile>
    <ClCompile Include="WolfPro.cpp">
      <Filter>Source Files</Filter>
    </ClCompile>
    <ClCompile Include="..\3rdParty\DXLib\CharCode.cpp">
      <Filter>3rdParty\DXLib</Filter>
    </ClCompile>
    <ClCompile Include="..\3rdParty\DXLib\CharCodeTable.cpp">
      <Filter>3rdParty\DXLib</Filter>
    </ClCompile>
    <ClCompile Include="..\3rdParty\DXLib\DXArchive.cpp">
      <Filter>3rdParty\DXLib</Filter>
    </ClCompile>
    <ClCompile Include="..\3rdParty\DXLib\DXArchiveVer5.cpp">
      <Filter>3rdParty\DXLib</Filter>
    </ClCompile>
    <ClCompile Include="..\3rdParty\DXLib\DXArchiveVer6.cpp">
      <Filter>3rdParty\DXLib</Filter>
    </ClCompile>
    <ClCompile Include="..\3rdParty\DXLib\FileLib.cpp">
      <Filter>3rdParty\DXLib</Filter>
    </ClCompile>
    <ClCompile Include="..\3rdParty\DXLib\Huffman.cpp">
      <Filter>3rdParty\DXLib</Filter>
    </ClCompile>
    <ClCompile Include="UberLog.cpp">
      <Filter>Source Files</Filter>
    </ClCompile>
    <ClCompile Include="WolfUtils.cpp">
      <Filter>Source Files</Filter>
    </ClCompile>
    <ClCompile Include="Localizer.cpp">
      <Filter>Source Files</Filter>
    </ClCompile>
  </ItemGroup>
  <ItemGroup>
    <ClInclude Include="Utils.h">
      <Filter>Header Files</Filter>
    </ClInclude>
    <ClInclude Include="WolfDec.h">
      <Filter>Header Files</Filter>
    </ClInclude>
    <ClInclude Include="WolfPro.h">
      <Filter>Header Files</Filter>
    </ClInclude>
    <ClInclude Include="..\3rdParty\nlohmann\json.hpp">
      <Filter>3rdParty\nlohmann</Filter>
    </ClInclude>
    <ClInclude Include="..\3rdParty\DXLib\CharCode.h">
      <Filter>3rdParty\DXLib</Filter>
    </ClInclude>
    <ClInclude Include="..\3rdParty\DXLib\DataType.h">
      <Filter>3rdParty\DXLib</Filter>
    </ClInclude>
    <ClInclude Include="..\3rdParty\DXLib\DXArchive.h">
      <Filter>3rdParty\DXLib</Filter>
    </ClInclude>
    <ClInclude Include="..\3rdParty\DXLib\DXArchiveVer5.h">
      <Filter>3rdParty\DXLib</Filter>
    </ClInclude>
    <ClInclude Include="..\3rdParty\DXLib\DXArchiveVer6.h">
      <Filter>3rdParty\DXLib</Filter>
    </ClInclude>
    <ClInclude Include="..\3rdParty\DXLib\FileLib.h">
      <Filter>3rdParty\DXLib</Filter>
    </ClInclude>
    <ClInclude Include="..\3rdParty\DXLib\Huffman.h">
      <Filter>3rdParty\DXLib</Filter>
    </ClInclude>
    <ClInclude Include="UberWolfLib.h">
      <Filter>Header Files</Filter>
    </ClInclude>
    <ClInclude Include="Types.h">
      <Filter>Header Files</Filter>
    </ClInclude>
    <ClInclude Include="Defines.h">
      <Filter>Header Files</Filter>
    </ClInclude>
    <ClInclude Include="UberLog.h">
      <Filter>Header Files</Filter>
    </ClInclude>
    <ClInclude Include="resource.h">
      <Filter>Header Files</Filter>
    </ClInclude>
    <ClInclude Include="WolfUtils.h">
      <Filter>Header Files</Filter>
    </ClInclude>
    <ClInclude Include="Localizer.h">
      <Filter>Header Files</Filter>
    </ClInclude>
    <ClInclude Include="..\3rdParty\DXLib\WolfNew.h">
      <Filter>3rdParty\DXLib</Filter>
    </ClInclude>
  </ItemGroup>
  <ItemGroup>
    <ResourceCompile Include="UberWolfLib.rc">
      <Filter>Resource Files</Filter>
    </ResourceCompile>
  </ItemGroup>
</Project>